
Microsoft Visual Studio Solution File, Format Version 12.00
# Visual Studio Version 17
VisualStudioVersion = 17.9.34728.123
MinimumVisualStudioVersion = 10.0.40219.1
Project("{FAE04EC0-301F-11D3-BF4B-00C04F79EFBC}") = "KMS2_02_LE_01_02", "KMS2_02_LE_01_02\KMS2_02_LE_01_02.csproj", "{7809B5B1-1184-4910-81F7-ED756A02C9D5}"
EndProject
Global
	GlobalSection(SolutionConfigurationPlatforms) = preSolution
		Debug|Any CPU = Debug|Any CPU
		Release|Any CPU = Release|Any CPU
	EndGlobalSection
	GlobalSection(ProjectConfigurationPlatforms) = postSolution
		{7809B5B1-1184-4910-81F7-ED756A02C9D5}.Debug|Any CPU.ActiveCfg = Debug|Any CPU
		{7809B5B1-1184-4910-81F7-ED756A02C9D5}.Debug|Any CPU.Build.0 = Debug|Any CPU
		{7809B5B1-1184-4910-81F7-ED756A02C9D5}.Release|Any CPU.ActiveCfg = Release|Any CPU
		{7809B5B1-1184-4910-81F7-ED756A02C9D5}.Release|Any CPU.Build.0 = Release|Any CPU
	EndGlobalSection
	GlobalSection(SolutionProperties) = preSolution
		HideSolutionNode = FALSE
	EndGlobalSection
	GlobalSection(ExtensibilityGlobals) = postSolution
		SolutionGuid = {54161042-BDC0-4300-939E-922E22C2027D}
	EndGlobalSection
EndGlobal
